
Microsoft Visual Studio Solution File, Format Version 12.00
# Visual Studio Version 16
VisualStudioVersion = 16.0.30413.136
MinimumVisualStudioVersion = 10.0.40219.1
Project("{FAE04EC0-301F-11D3-BF4B-00C04F79EFBC}") = "TicTacToe", "TicTacToe\TicTacToe.csproj", "{48B480EA-C553-40F8-B1DB-E3E813681EDA}"
EndProject
Global
	GlobalSection(SolutionConfigurationPlatforms) = preSolution
		Debug|Any CPU = Debug|Any CPU
		Release|Any CPU = Release|Any CPU
	EndGlobalSection
	GlobalSection(ProjectConfigurationPlatforms) = postSolution
		{48B480EA-C553-40F8-B1DB-E3E813681EDA}.Debug|Any CPU.ActiveCfg = Debug|Any CPU
		{48B480EA-C553-40F8-B1DB-E3E813681EDA}.Debug|Any CPU.Build.0 = Debug|Any CPU
		{48B480EA-C553-40F8-B1DB-E3E813681EDA}.Release|Any CPU.ActiveCfg = Release|Any CPU
		{48B480EA-C553-40F8-B1DB-E3E813681EDA}.Release|Any CPU.Build.0 = Release|Any CPU
	EndGlobalSection
	GlobalSection(SolutionProperties) = preSolution
		HideSolutionNode = FALSE
	EndGlobalSection
	GlobalSection(ExtensibilityGlobals) = postSolution
		SolutionGuid = {66378E10-BE2F-4A09-A723-9186C1327268}
	EndGlobalSection
EndGlobal
